
Microsoft Visual Studio Solution File, Format Version 12.00
# Visual Studio 2013
VisualStudioVersion = 12.0.30723.0
MinimumVisualStudioVersion = 10.0.40219.1
Project("{FAE04EC0-301F-11D3-BF4B-00C04F79EFBC}") = "MarsRoverKata", "MarsRoverKata\MarsRoverKata.csproj", "{48817965-E225-4F72-86DC-EBFBAE88C8D2}"
EndProject
Project("{2150E333-8FDC-42A3-9474-1A3956D46DE8}") = "Tests", "Tests", "{470590A9-F066-4A72-A4C6-46116FAFBAED}"
EndProject
Project("{FAE04EC0-301F-11D3-BF4B-00C04F79EFBC}") = "MarsRoverKata.Tests", "MarsRoverKata.Tests\MarsRoverKata.Tests.csproj", "{F3E5B8F8-A3CE-4742-B00D-42D60888CA3C}"
EndProject
Global
	GlobalSection(SolutionConfigurationPlatforms) = preSolution
		Debug|Any CPU = Debug|Any CPU
		Release|Any CPU = Release|Any CPU
	EndGlobalSection
	GlobalSection(ProjectConfigurationPlatforms) = postSolution
		{48817965-E225-4F72-86DC-EBFBAE88C8D2}.Debug|Any CPU.ActiveCfg = Debug|Any CPU
		{48817965-E225-4F72-86DC-EBFBAE88C8D2}.Debug|Any CPU.Build.0 = Debug|Any CPU
		{48817965-E225-4F72-86DC-EBFBAE88C8D2}.Release|Any CPU.ActiveCfg = Release|Any CPU
		{48817965-E225-4F72-86DC-EBFBAE88C8D2}.Release|Any CPU.Build.0 = Release|Any CPU
		{F3E5B8F8-A3CE-4742-B00D-42D60888CA3C}.Debug|Any CPU.ActiveCfg = Debug|Any CPU
		{F3E5B8F8-A3CE-4742-B00D-42D60888CA3C}.Debug|Any CPU.Build.0 = Debug|Any CPU
		{F3E5B8F8-A3CE-4742-B00D-42D60888CA3C}.Release|Any CPU.ActiveCfg = Release|Any CPU
		{F3E5B8F8-A3CE-4742-B00D-42D60888CA3C}.Release|Any CPU.Build.0 = Release|Any CPU
	EndGlobalSection
	GlobalSection(SolutionProperties) = preSolution
		HideSolutionNode = FALSE
	EndGlobalSection
	GlobalSection(NestedProjects) = preSolution
		{F3E5B8F8-A3CE-4742-B00D-42D60888CA3C} = {470590A9-F066-4A72-A4C6-46116FAFBAED}
	EndGlobalSection
EndGlobal
